
Microsoft Visual Studio Solution File, Format Version 12.00
# Visual Studio 15
VisualStudioVersion = 15.0.27428.2027
MinimumVisualStudioVersion = 10.0.40219.1
Project("{8BC9CEB8-8B4A-11D0-8D11-00A0C91BC942}") = "Helloworld", "Helloworld\Helloworld.vcxproj", "{95AE39A1-AA5C-4468-9C22-9C24565A657D}"
EndProject
Global
	GlobalSection(SolutionConfigurationPlatforms) = preSolution
		Debug|x64 = Debug|x64
		Debug|x86 = Debug|x86
		Release|x64 = Release|x64
		Release|x86 = Release|x86
	EndGlobalSection
	GlobalSection(ProjectConfigurationPlatforms) = postSolution
		{95AE39A1-AA5C-4468-9C22-9C24565A657D}.Debug|x64.ActiveCfg = Debug|x64
		{95AE39A1-AA5C-4468-9C22-9C24565A657D}.Debug|x64.Build.0 = Debug|x64
		{95AE39A1-AA5C-4468-9C22-9C24565A657D}.Debug|x86.ActiveCfg = Debug|Win32
		{95AE39A1-AA5C-4468-9C22-9C24565A657D}.Debug|x86.Build.0 = Debug|Win32
		{95AE39A1-AA5C-4468-9C22-9C24565A657D}.Release|x64.ActiveCfg = Release|x64
		{95AE39A1-AA5C-4468-9C22-9C24565A657D}.Release|x64.Build.0 = Release|x64
		{95AE39A1-AA5C-4468-9C22-9C24565A657D}.Release|x86.ActiveCfg = Release|Win32
		{95AE39A1-AA5C-4468-9C22-9C24565A657D}.Release|x86.Build.0 = Release|Win32
	EndGlobalSection
	GlobalSection(SolutionProperties) = preSolution
		HideSolutionNode = FALSE
	EndGlobalSection
	GlobalSection(ExtensibilityGlobals) = postSolution
		SolutionGuid = {92096C09-355F-4A84-999B-44F219408FDD}
	EndGlobalSection
EndGlobal
